
Microsoft Visual Studio Solution File, Format Version 12.00
# Visual Studio Version 17
VisualStudioVersion = 17.2.32630.192
MinimumVisualStudioVersion = 10.0.40219.1
Project("{FAE04EC0-301F-11D3-BF4B-00C04F79EFBC}") = "tetris", "tetris\tetris.csproj", "{A0CF791A-0D48-4B35-83E7-49B4382DBDA1}"
EndProject
Global
	GlobalSection(SolutionConfigurationPlatforms) = preSolution
		Debug|Any CPU = Debug|Any CPU
		Release|Any CPU = Release|Any CPU
	EndGlobalSection
	GlobalSection(ProjectConfigurationPlatforms) = postSolution
		{A0CF791A-0D48-4B35-83E7-49B4382DBDA1}.Debug|Any CPU.ActiveCfg = Debug|Any CPU
		{A0CF791A-0D48-4B35-83E7-49B4382DBDA1}.Debug|Any CPU.Build.0 = Debug|Any CPU
		{A0CF791A-0D48-4B35-83E7-49B4382DBDA1}.Release|Any CPU.ActiveCfg = Release|Any CPU
		{A0CF791A-0D48-4B35-83E7-49B4382DBDA1}.Release|Any CPU.Build.0 = Release|Any CPU
	EndGlobalSection
	GlobalSection(SolutionProperties) = preSolution
		HideSolutionNode = FALSE
	EndGlobalSection
	GlobalSection(ExtensibilityGlobals) = postSolution
		SolutionGuid = {1BA669E8-D558-4F39-B818-2CD22B256B81}
	EndGlobalSection
EndGlobal
